
Microsoft Visual Studio Solution File, Format Version 12.00
# Visual Studio Version 17
VisualStudioVersion = 17.4.33205.214
MinimumVisualStudioVersion = 10.0.40219.1
Project("{FAE04EC0-301F-11D3-BF4B-00C04F79EFBC}") = "Aid", "Aid.csproj", "{F13753FF-1E20-47CE-902B-E062E6062ADA}"
EndProject
Global
	GlobalSection(SolutionConfigurationPlatforms) = preSolution
		Debug|Any CPU = Debug|Any CPU
		Release|Any CPU = Release|Any CPU
	EndGlobalSection
	GlobalSection(ProjectConfigurationPlatforms) = postSolution
		{F13753FF-1E20-47CE-902B-E062E6062ADA}.Debug|Any CPU.ActiveCfg = Debug|Any CPU
		{F13753FF-1E20-47CE-902B-E062E6062ADA}.Debug|Any CPU.Build.0 = Debug|Any CPU
		{F13753FF-1E20-47CE-902B-E062E6062ADA}.Release|Any CPU.ActiveCfg = Release|Any CPU
		{F13753FF-1E20-47CE-902B-E062E6062ADA}.Release|Any CPU.Build.0 = Release|Any CPU
	EndGlobalSection
	GlobalSection(SolutionProperties) = preSolution
		HideSolutionNode = FALSE
	EndGlobalSection
	GlobalSection(ExtensibilityGlobals) = postSolution
		SolutionGuid = {ED1AE066-FEDE-4AA1-ACE1-1D6A08DB0C2C}
	EndGlobalSection
EndGlobal
